
Microsoft Visual Studio Solution File, Format Version 12.00
# Visual Studio 15
VisualStudioVersion = 15.0.27004.2005
MinimumVisualStudioVersion = 10.0.40219.1
Project("{FAE04EC0-301F-11D3-BF4B-00C04F79EFBC}") = "MastermindGame", "MastermindGame\MastermindGame.csproj", "{3E01F716-77C2-43B3-A11E-C1CA928CD161}"
EndProject
Global
	GlobalSection(SolutionConfigurationPlatforms) = preSolution
		Debug|Any CPU = Debug|Any CPU
		Release|Any CPU = Release|Any CPU
	EndGlobalSection
	GlobalSection(ProjectConfigurationPlatforms) = postSolution
		{3E01F716-77C2-43B3-A11E-C1CA928CD161}.Debug|Any CPU.ActiveCfg = Debug|Any CPU
		{3E01F716-77C2-43B3-A11E-C1CA928CD161}.Debug|Any CPU.Build.0 = Debug|Any CPU
		{3E01F716-77C2-43B3-A11E-C1CA928CD161}.Release|Any CPU.ActiveCfg = Release|Any CPU
		{3E01F716-77C2-43B3-A11E-C1CA928CD161}.Release|Any CPU.Build.0 = Release|Any CPU
	EndGlobalSection
	GlobalSection(SolutionProperties) = preSolution
		HideSolutionNode = FALSE
	EndGlobalSection
	GlobalSection(ExtensibilityGlobals) = postSolution
		SolutionGuid = {CDF12BE7-0434-4A9E-99CC-D353B0D25B7E}
	EndGlobalSection
EndGlobal
